
Microsoft Visual Studio Solution File, Format Version 12.00
# Visual Studio Version 17
VisualStudioVersion = 17.0.31903.59
MinimumVisualStudioVersion = 10.0.40219.1
Project("{FAE04EC0-301F-11D3-BF4B-00C04F79EFBC}") = "ChoreoHelper", "ChoreoHelper\ChoreoHelper.csproj", "{A7B9E8E4-D14A-405D-9BC2-1179E8AB1969}"
EndProject
Project("{FAE04EC0-301F-11D3-BF4B-00C04F79EFBC}") = "ChoreoHelper.ReactiveUI", "ChoreoHelper.ReactiveUI\ChoreoHelper.ReactiveUI.csproj", "{13A08B18-254D-4890-8349-B1AE3D214BDB}"
EndProject
Project("{FAE04EC0-301F-11D3-BF4B-00C04F79EFBC}") = "ChoreoHelper.Messages", "ChoreoHelper.Messages\ChoreoHelper.Messages.csproj", "{5B77E5DB-B2C7-4B43-A8FD-B1E6FB01F8B8}"
EndProject
Project("{FAE04EC0-301F-11D3-BF4B-00C04F79EFBC}") = "ChoreoHelper.ViewModels", "ChoreoHelper.ViewModels\ChoreoHelper.ViewModels.csproj", "{0648AFA5-01BE-4370-9606-A81B87315DDB}"
EndProject
Project("{FAE04EC0-301F-11D3-BF4B-00C04F79EFBC}") = "ChoreoHelper.Behaviors", "ChoreoHelper.Behaviors\ChoreoHelper.Behaviors.csproj", "{8390591C-488C-458B-9CAD-00FB076EE415}"
EndProject
Project("{FAE04EC0-301F-11D3-BF4B-00C04F79EFBC}") = "ChoreoHelper.Controls", "ChoreoHelper.Controls\ChoreoHelper.Controls.csproj", "{31929C57-9CC1-4CFC-82F7-7C75DE344FA8}"
EndProject
Project("{2150E333-8FDC-42A3-9474-1A3956D46DE8}") = "SolutionItems", "SolutionItems", "{3CEB7472-7836-4D6D-8E3A-402A7BB83416}"
	ProjectSection(SolutionItems) = preProject
		.gitconfig = .gitconfig
		.gitignore = .gitignore
		LICENSE = LICENSE
		Readme.md = Readme.md
		logo.webp = logo.webp
		Directory.Packages.props = Directory.Packages.props
	EndProjectSection
EndProject
Project("{FAE04EC0-301F-11D3-BF4B-00C04F79EFBC}") = "ChoreoHelper.Graph", "ChoreoHelper.Graph\ChoreoHelper.Graph.csproj", "{E8C863EF-3440-470E-B850-1A2FECD636E3}"
EndProject
Project("{FAE04EC0-301F-11D3-BF4B-00C04F79EFBC}") = "ChoreoHelper.Entities", "ChoreoHelper.Entities\ChoreoHelper.Entities.csproj", "{FF97CC21-4DDD-4024-BD2B-47B936554F82}"
EndProject
Project("{FAE04EC0-301F-11D3-BF4B-00C04F79EFBC}") = "ChoreoHelper.Gateway", "ChoreoHelper.Gateway\ChoreoHelper.Gateway.csproj", "{354161A5-050C-4227-870B-DCB991599190}"
EndProject
Project("{FAE04EC0-301F-11D3-BF4B-00C04F79EFBC}") = "ChoreoHelper.Behaviors.Tests", "ChoreoHelper.Behaviors.Tests\ChoreoHelper.Behaviors.Tests.csproj", "{52A25683-F2D7-4982-81DE-98632C7EFCB8}"
EndProject
Project("{FAE04EC0-301F-11D3-BF4B-00C04F79EFBC}") = "ChoreoHelper.Editor", "ChoreoHelper.Editor\ChoreoHelper.Editor.csproj", "{5D589C56-B6A2-4209-B131-2858E0026654}"
EndProject
Project("{2150E333-8FDC-42A3-9474-1A3956D46DE8}") = "Libs", "Libs", "{BA492598-CC62-4038-866B-D8A8DBCC65AC}"
EndProject
Project("{FAE04EC0-301F-11D3-BF4B-00C04F79EFBC}") = "ChoreoHelper.Design", "ChoreoHelper.Design\ChoreoHelper.Design.csproj", "{9FD6E094-AFBA-4254-B2ED-25D9C5AE662F}"
EndProject
Global
	GlobalSection(SolutionConfigurationPlatforms) = preSolution
		Debug|Any CPU = Debug|Any CPU
		Release|Any CPU = Release|Any CPU
	EndGlobalSection
	GlobalSection(SolutionProperties) = preSolution
		HideSolutionNode = FALSE
	EndGlobalSection
	GlobalSection(ProjectConfigurationPlatforms) = postSolution
		{A7B9E8E4-D14A-405D-9BC2-1179E8AB1969}.Debug|Any CPU.ActiveCfg = Debug|Any CPU
		{A7B9E8E4-D14A-405D-9BC2-1179E8AB1969}.Debug|Any CPU.Build.0 = Debug|Any CPU
		{A7B9E8E4-D14A-405D-9BC2-1179E8AB1969}.Release|Any CPU.ActiveCfg = Release|Any CPU
		{A7B9E8E4-D14A-405D-9BC2-1179E8AB1969}.Release|Any CPU.Build.0 = Release|Any CPU
		{13A08B18-254D-4890-8349-B1AE3D214BDB}.Debug|Any CPU.ActiveCfg = Debug|Any CPU
		{13A08B18-254D-4890-8349-B1AE3D214BDB}.Debug|Any CPU.Build.0 = Debug|Any CPU
		{13A08B18-254D-4890-8349-B1AE3D214BDB}.Release|Any CPU.ActiveCfg = Release|Any CPU
		{13A08B18-254D-4890-8349-B1AE3D214BDB}.Release|Any CPU.Build.0 = Release|Any CPU
		{5B77E5DB-B2C7-4B43-A8FD-B1E6FB01F8B8}.Debug|Any CPU.ActiveCfg = Debug|Any CPU
		{5B77E5DB-B2C7-4B43-A8FD-B1E6FB01F8B8}.Debug|Any CPU.Build.0 = Debug|Any CPU
		{5B77E5DB-B2C7-4B43-A8FD-B1E6FB01F8B8}.Release|Any CPU.ActiveCfg = Release|Any CPU
		{5B77E5DB-B2C7-4B43-A8FD-B1E6FB01F8B8}.Release|Any CPU.Build.0 = Release|Any CPU
		{0648AFA5-01BE-4370-9606-A81B87315DDB}.Debug|Any CPU.ActiveCfg = Debug|Any CPU
		{0648AFA5-01BE-4370-9606-A81B87315DDB}.Debug|Any CPU.Build.0 = Debug|Any CPU
		{0648AFA5-01BE-4370-9606-A81B87315DDB}.Release|Any CPU.ActiveCfg = Release|Any CPU
		{0648AFA5-01BE-4370-9606-A81B87315DDB}.Release|Any CPU.Build.0 = Release|Any CPU
		{8390591C-488C-458B-9CAD-00FB076EE415}.Debug|Any CPU.ActiveCfg = Debug|Any CPU
		{8390591C-488C-458B-9CAD-00FB076EE415}.Debug|Any CPU.Build.0 = Debug|Any CPU
		{8390591C-488C-458B-9CAD-00FB076EE415}.Release|Any CPU.ActiveCfg = Release|Any CPU
		{8390591C-488C-458B-9CAD-00FB076EE415}.Release|Any CPU.Build.0 = Release|Any CPU
		{31929C57-9CC1-4CFC-82F7-7C75DE344FA8}.Debug|Any CPU.ActiveCfg = Debug|Any CPU
		{31929C57-9CC1-4CFC-82F7-7C75DE344FA8}.Debug|Any CPU.Build.0 = Debug|Any CPU
		{31929C57-9CC1-4CFC-82F7-7C75DE344FA8}.Release|Any CPU.ActiveCfg = Release|Any CPU
		{31929C57-9CC1-4CFC-82F7-7C75DE344FA8}.Release|Any CPU.Build.0 = Release|Any CPU
		{E8C863EF-3440-470E-B850-1A2FECD636E3}.Debug|Any CPU.ActiveCfg = Debug|Any CPU
		{E8C863EF-3440-470E-B850-1A2FECD636E3}.Debug|Any CPU.Build.0 = Debug|Any CPU
		{E8C863EF-3440-470E-B850-1A2FECD636E3}.Release|Any CPU.ActiveCfg = Release|Any CPU
		{E8C863EF-3440-470E-B850-1A2FECD636E3}.Release|Any CPU.Build.0 = Release|Any CPU
		{FF97CC21-4DDD-4024-BD2B-47B936554F82}.Debug|Any CPU.ActiveCfg = Debug|Any CPU
		{FF97CC21-4DDD-4024-BD2B-47B936554F82}.Debug|Any CPU.Build.0 = Debug|Any CPU
		{FF97CC21-4DDD-4024-BD2B-47B936554F82}.Release|Any CPU.ActiveCfg = Release|Any CPU
		{FF97CC21-4DDD-4024-BD2B-47B936554F82}.Release|Any CPU.Build.0 = Release|Any CPU
		{354161A5-050C-4227-870B-DCB991599190}.Debug|Any CPU.ActiveCfg = Debug|Any CPU
		{354161A5-050C-4227-870B-DCB991599190}.Debug|Any CPU.Build.0 = Debug|Any CPU
		{354161A5-050C-4227-870B-DCB991599190}.Release|Any CPU.ActiveCfg = Release|Any CPU
		{354161A5-050C-4227-870B-DCB991599190}.Release|Any CPU.Build.0 = Release|Any CPU
		{52A25683-F2D7-4982-81DE-98632C7EFCB8}.Debug|Any CPU.ActiveCfg = Debug|Any CPU
		{52A25683-F2D7-4982-81DE-98632C7EFCB8}.Debug|Any CPU.Build.0 = Debug|Any CPU
		{52A25683-F2D7-4982-81DE-98632C7EFCB8}.Release|Any CPU.ActiveCfg = Release|Any CPU
		{52A25683-F2D7-4982-81DE-98632C7EFCB8}.Release|Any CPU.Build.0 = Release|Any CPU
		{5D589C56-B6A2-4209-B131-2858E0026654}.Debug|Any CPU.ActiveCfg = Debug|Any CPU
		{5D589C56-B6A2-4209-B131-2858E0026654}.Debug|Any CPU.Build.0 = Debug|Any CPU
		{5D589C56-B6A2-4209-B131-2858E0026654}.Release|Any CPU.ActiveCfg = Release|Any CPU
		{5D589C56-B6A2-4209-B131-2858E0026654}.Release|Any CPU.Build.0 = Release|Any CPU
		{9FD6E094-AFBA-4254-B2ED-25D9C5AE662F}.Debug|Any CPU.ActiveCfg = Debug|Any CPU
		{9FD6E094-AFBA-4254-B2ED-25D9C5AE662F}.Debug|Any CPU.Build.0 = Debug|Any CPU
		{9FD6E094-AFBA-4254-B2ED-25D9C5AE662F}.Release|Any CPU.ActiveCfg = Release|Any CPU
		{9FD6E094-AFBA-4254-B2ED-25D9C5AE662F}.Release|Any CPU.Build.0 = Release|Any CPU
	EndGlobalSection
	GlobalSection(NestedProjects) = preSolution
		{8390591C-488C-458B-9CAD-00FB076EE415} = {BA492598-CC62-4038-866B-D8A8DBCC65AC}
		{52A25683-F2D7-4982-81DE-98632C7EFCB8} = {BA492598-CC62-4038-866B-D8A8DBCC65AC}
		{31929C57-9CC1-4CFC-82F7-7C75DE344FA8} = {BA492598-CC62-4038-866B-D8A8DBCC65AC}
		{FF97CC21-4DDD-4024-BD2B-47B936554F82} = {BA492598-CC62-4038-866B-D8A8DBCC65AC}
		{354161A5-050C-4227-870B-DCB991599190} = {BA492598-CC62-4038-866B-D8A8DBCC65AC}
		{E8C863EF-3440-470E-B850-1A2FECD636E3} = {BA492598-CC62-4038-866B-D8A8DBCC65AC}
		{5B77E5DB-B2C7-4B43-A8FD-B1E6FB01F8B8} = {BA492598-CC62-4038-866B-D8A8DBCC65AC}
		{13A08B18-254D-4890-8349-B1AE3D214BDB} = {BA492598-CC62-4038-866B-D8A8DBCC65AC}
		{0648AFA5-01BE-4370-9606-A81B87315DDB} = {BA492598-CC62-4038-866B-D8A8DBCC65AC}
		{9FD6E094-AFBA-4254-B2ED-25D9C5AE662F} = {BA492598-CC62-4038-866B-D8A8DBCC65AC}
	EndGlobalSection
EndGlobal
